// !$*UTF8*$!
{
	archiveVersion = 1;
	classes = {
	};
	objectVersion = 77;
	objects = {

/* Begin PBXContainerItemProxy section */
		AC4FFF662DD56DBC00ABA2D9 /* PBXContainerItemProxy */ = {
			isa = PBXContainerItemProxy;
			containerPortal = AC4FFF502DD56DBB00ABA2D9 /* Project object */;
			proxyType = 1;
			remoteGlobalIDString = AC4FFF572DD56DBB00ABA2D9;
			remoteInfo = KatenChallengeApp;
		};
		AC4FFF702DD56DBC00ABA2D9 /* PBXContainerItemProxy */ = {
			isa = PBXContainerItemProxy;
			containerPortal = AC4FFF502DD56DBB00ABA2D9 /* Project object */;
			proxyType = 1;
			remoteGlobalIDString = AC4FFF572DD56DBB00ABA2D9;
			remoteInfo = KatenChallengeApp;
		};
/* End PBXContainerItemProxy section */

/* Begin PBXFileReference section */
		AC4FFF582DD56DBB00ABA2D9 /* KatenChallengeApp.app */ = {isa = PBXFileReference; explicitFileType = wrapper.application; includeInIndex = 0; path = KatenChallengeApp.app; sourceTree = BUILT_PRODUCTS_DIR; };
		AC4FFF652DD56DBC00ABA2D9 /* KatenChallengeAppTests.xctest */ = {isa = PBXFileReference; explicitFileType = wrapper.cfbundle; includeInIndex = 0; path = KatenChallengeAppTests.xctest; sourceTree = BUILT_PRODUCTS_DIR; };
		AC4FFF6F2DD56DBC00ABA2D9 /* KatenChallengeAppUITests.xctest */ = {isa = PBXFileReference; explicitFileType = wrapper.cfbundle; includeInIndex = 0; path = KatenChallengeAppUITests.xctest; sourceTree = BUILT_PRODUCTS_DIR; };
/* End PBXFileReference section */

/* Begin PBXFileSystemSynchronizedRootGroup section */
		AC4FFF5A2DD56DBB00ABA2D9 /* KatenChallengeApp */ = {
			isa = PBXFileSystemSynchronizedRootGroup;
			path = KatenChallengeApp;
			sourceTree = "<group>";
		};
		AC4FFF682DD56DBC00ABA2D9 /* KatenChallengeAppTests */ = {
			isa = PBXFileSystemSynchronizedRootGroup;
			path = KatenChallengeAppTests;
			sourceTree = "<group>";
		};
		AC4FFF722DD56DBC00ABA2D9 /* KatenChallengeAppUITests */ = {
			isa = PBXFileSystemSynchronizedRootGroup;
			path = KatenChallengeAppUITests;
			sourceTree = "<group>";
		};
/* End PBXFileSystemSynchronizedRootGroup section */

/* Begin PBXFrameworksBuildPhase section */
		AC4FFF552DD56DBB00ABA2D9 /* Frameworks */ = {
			isa = PBXFrameworksBuildPhase;
			buildActionMask = 2147483647;
			files = (
			);
			runOnlyForDeploymentPostprocessing = 0;
		};
		AC4FFF622DD56DBC00ABA2D9 /* Frameworks */ = {
			isa = PBXFrameworksBuildPhase;
			buildActionMask = 2147483647;
			files = (
			);
			runOnlyForDeploymentPostprocessing = 0;
		};
		AC4FFF6C2DD56DBC00ABA2D9 /* Frameworks */ = {
			isa = PBXFrameworksBuildPhase;
			buildActionMask = 2147483647;
			files = (
			);
			runOnlyForDeploymentPostprocessing = 0;
		};
/* End PBXFrameworksBuildPhase section */

/* Begin PBXGroup section */
		AC4FFF4F2DD56DBB00ABA2D9 = {
			isa = PBXGroup;
			children = (
				AC4FFF5A2DD56DBB00ABA2D9 /* KatenChallengeApp */,
				AC4FFF682DD56DBC00ABA2D9 /* KatenChallengeAppTests */,
				AC4FFF722DD56DBC00ABA2D9 /* KatenChallengeAppUITests */,
				AC4FFF592DD56DBB00ABA2D9 /* Products */,
			);
			sourceTree = "<group>";
		};
		AC4FFF592DD56DBB00ABA2D9 /* Products */ = {
			isa = PBXGroup;
			children = (
				AC4FFF582DD56DBB00ABA2D9 /* KatenChallengeApp.app */,
				AC4FFF652DD56DBC00ABA2D9 /* KatenChallengeAppTests.xctest */,
				AC4FFF6F2DD56DBC00ABA2D9 /* KatenChallengeAppUITests.xctest */,
			);
			name = Products;
			sourceTree = "<group>";
		};
/* End PBXGroup section */

/* Begin PBXNativeTarget section */
		AC4FFF572DD56DBB00ABA2D9 /* KatenChallengeApp */ = {
			isa = PBXNativeTarget;
			buildConfigurationList = AC4FFF792DD56DBC00ABA2D9 /* Build configuration list for PBXNativeTarget "KatenChallengeApp" */;
			buildPhases = (
				AC4FFF542DD56DBB00ABA2D9 /* Sources */,
				AC4FFF552DD56DBB00ABA2D9 /* Frameworks */,
				AC4FFF562DD56DBB00ABA2D9 /* Resources */,
			);
			buildRules = (
			);
			dependencies = (
			);
			fileSystemSynchronizedGroups = (
				AC4FFF5A2DD56DBB00ABA2D9 /* KatenChallengeApp */,
			);
			name = KatenChallengeApp;
			packageProductDependencies = (
			);
			productName = KatenChallengeApp;
			productReference = AC4FFF582DD56DBB00ABA2D9 /* KatenChallengeApp.app */;
			productType = "com.apple.product-type.application";
		};
		AC4FFF642DD56DBC00ABA2D9 /* KatenChallengeAppTests */ = {
			isa = PBXNativeTarget;
			buildConfigurationList = AC4FFF7C2DD56DBC00ABA2D9 /* Build configuration list for PBXNativeTarget "KatenChallengeAppTests" */;
			buildPhases = (
				AC4FFF612DD56DBC00ABA2D9 /* Sources */,
				AC4FFF622DD56DBC00ABA2D9 /* Frameworks */,
				AC4FFF632DD56DBC00ABA2D9 /* Resources */,
			);
			buildRules = (
			);
			dependencies = (
				AC4FFF672DD56DBC00ABA2D9 /* PBXTargetDependency */,
			);
			fileSystemSynchronizedGroups = (
				AC4FFF682DD56DBC00ABA2D9 /* KatenChallengeAppTests */,
			);
			name = KatenChallengeAppTests;
			packageProductDependencies = (
			);
			productName = KatenChallengeAppTests;
			productReference = AC4FFF652DD56DBC00ABA2D9 /* KatenChallengeAppTests.xctest */;
			productType = "com.apple.product-type.bundle.unit-test";
		};
		AC4FFF6E2DD56DBC00ABA2D9 /* KatenChallengeAppUITests */ = {
			isa = PBXNativeTarget;
			buildConfigurationList = AC4FFF7F2DD56DBC00ABA2D9 /* Build configuration list for PBXNativeTarget "KatenChallengeAppUITests" */;
			buildPhases = (
				AC4FFF6B2DD56DBC00ABA2D9 /* Sources */,
				AC4FFF6C2DD56DBC00ABA2D9 /* Frameworks */,
				AC4FFF6D2DD56DBC00ABA2D9 /* Resources */,
			);
			buildRules = (
			);
			dependencies = (
				AC4FFF712DD56DBC00ABA2D9 /* PBXTargetDependency */,
			);
			fileSystemSynchronizedGroups = (
				AC4FFF722DD56DBC00ABA2D9 /* KatenChallengeAppUITests */,
			);
			name = KatenChallengeAppUITests;
			packageProductDependencies = (
			);
			productName = KatenChallengeAppUITests;
			productReference = AC4FFF6F2DD56DBC00ABA2D9 /* KatenChallengeAppUITests.xctest */;
			productType = "com.apple.product-type.bundle.ui-testing";
		};
/* End PBXNativeTarget section */

/* Begin PBXProject section */
		AC4FFF502DD56DBB00ABA2D9 /* Project object */ = {
			isa = PBXProject;
			attributes = {
				BuildIndependentTargetsInParallel = 1;
				LastSwiftUpdateCheck = 1630;
				LastUpgradeCheck = 1630;
				TargetAttributes = {
					AC4FFF572DD56DBB00ABA2D9 = {
						CreatedOnToolsVersion = 16.3;
					};
					AC4FFF642DD56DBC00ABA2D9 = {
						CreatedOnToolsVersion = 16.3;
						TestTargetID = AC4FFF572DD56DBB00ABA2D9;
					};
					AC4FFF6E2DD56DBC00ABA2D9 = {
						CreatedOnToolsVersion = 16.3;
						TestTargetID = AC4FFF572DD56DBB00ABA2D9;
					};
				};
			};
			buildConfigurationList = AC4FFF532DD56DBB00ABA2D9 /* Build configuration list for PBXProject "KatenChallengeApp" */;
			developmentRegion = en;
			hasScannedForEncodings = 0;
			knownRegions = (
				en,
				Base,
			);
			mainGroup = AC4FFF4F2DD56DBB00ABA2D9;
			minimizedProjectReferenceProxies = 1;
			preferredProjectObjectVersion = 77;
			productRefGroup = AC4FFF592DD56DBB00ABA2D9 /* Products */;
			projectDirPath = "";
			projectRoot = "";
			targets = (
				AC4FFF572DD56DBB00ABA2D9 /* KatenChallengeApp */,
				AC4FFF642DD56DBC00ABA2D9 /* KatenChallengeAppTests */,
				AC4FFF6E2DD56DBC00ABA2D9 /* KatenChallengeAppUITests */,
			);
		};
/* End PBXProject section */

/* Begin PBXResourcesBuildPhase section */
		AC4FFF562DD56DBB00ABA2D9 /* Resources */ = {
			isa = PBXResourcesBuildPhase;
			buildActionMask = 2147483647;
			files = (
			);
			runOnlyForDeploymentPostprocessing = 0;
		};
		AC4FFF632DD56DBC00ABA2D9 /* Resources */ = {
			isa = PBXResourcesBuildPhase;
			buildActionMask = 2147483647;
			files = (
			);
			runOnlyForDeploymentPostprocessing = 0;
		};
		AC4FFF6D2DD56DBC00ABA2D9 /* Resources */ = {
			isa = PBXResourcesBuildPhase;
			buildActionMask = 2147483647;
			files = (
			);
			runOnlyForDeploymentPostprocessing = 0;
		};
/* End PBXResourcesBuildPhase section */

/* Begin PBXSourcesBuildPhase section */
		AC4FFF542DD56DBB00ABA2D9 /* Sources */ = {
			isa = PBXSourcesBuildPhase;
			buildActionMask = 2147483647;
			files = (
			);
			runOnlyForDeploymentPostprocessing = 0;
		};
		AC4FFF612DD56DBC00ABA2D9 /* Sources */ = {
			isa = PBXSourcesBuildPhase;
			buildActionMask = 2147483647;
			files = (
			);
			runOnlyForDeploymentPostprocessing = 0;
		};
		AC4FFF6B2DD56DBC00ABA2D9 /* Sources */ = {
			isa = PBXSourcesBuildPhase;
			buildActionMask = 2147483647;
			files = (
			);
			runOnlyForDeploymentPostprocessing = 0;
		};
/* End PBXSourcesBuildPhase section */

/* Begin PBXTargetDependency section */
		AC4FFF672DD56DBC00ABA2D9 /* PBXTargetDependency */ = {
			isa = PBXTargetDependency;
			target = AC4FFF572DD56DBB00ABA2D9 /* KatenChallengeApp */;
			targetProxy = AC4FFF662DD56DBC00ABA2D9 /* PBXContainerItemProxy */;
		};
		AC4FFF712DD56DBC00ABA2D9 /* PBXTargetDependency */ = {
			isa = PBXTargetDependency;
			target = AC4FFF572DD56DBB00ABA2D9 /* KatenChallengeApp */;
			targetProxy = AC4FFF702DD56DBC00ABA2D9 /* PBXContainerItemProxy */;
		};
/* End PBXTargetDependency section */

/* Begin XCBuildConfiguration section */
		AC4FFF772DD56DBC00ABA2D9 /* Debug */ = {
			isa = XCBuildConfiguration;
			buildSettings = {
				ALWAYS_SEARCH_USER_PATHS = NO;
				ASSETCATALOG_COMPILER_GENERATE_SWIFT_ASSET_SYMBOL_EXTENSIONS = YES;
				CLANG_ANALYZER_NONNULL = YES;
				CLANG_ANALYZER_NUMBER_OBJECT_CONVERSION = YES_AGGRESSIVE;
				CLANG_CXX_LANGUAGE_STANDARD = "gnu++20";
				CLANG_ENABLE_MODULES = YES;
				CLANG_ENABLE_OBJC_ARC = YES;
				CLANG_ENABLE_OBJC_WEAK = YES;
				CLANG_WARN_BLOCK_CAPTURE_AUTORELEASING = YES;
				CLANG_WARN_BOOL_CONVERSION = YES;
				CLANG_WARN_COMMA = YES;
				CLANG_WARN_CONSTANT_CONVERSION = YES;
				CLANG_WARN_DEPRECATED_OBJC_IMPLEMENTATIONS = YES;
				CLANG_WARN_DIRECT_OBJC_ISA_USAGE = YES_ERROR;
				CLANG_WARN_DOCUMENTATION_COMMENTS = YES;
				CLANG_WARN_EMPTY_BODY = YES;
				CLANG_WARN_ENUM_CONVERSION = YES;
				CLANG_WARN_INFINITE_RECURSION = YES;
				CLANG_WARN_INT_CONVERSION = YES;
				CLANG_WARN_NON_LITERAL_NULL_CONVERSION = YES;
				CLANG_WARN_OBJC_IMPLICIT_RETAIN_SELF = YES;
				CLANG_WARN_OBJC_LITERAL_CONVERSION = YES;
				CLANG_WARN_OBJC_ROOT_CLASS = YES_ERROR;
				CLANG_WARN_QUOTED_INCLUDE_IN_FRAMEWORK_HEADER = YES;
				CLANG_WARN_RANGE_LOOP_ANALYSIS = YES;
				CLANG_WARN_STRICT_PROTOTYPES = YES;
				CLANG_WARN_SUSPICIOUS_MOVE = YES;
				CLANG_WARN_UNGUARDED_AVAILABILITY = YES_AGGRESSIVE;
				CLANG_WARN_UNREACHABLE_CODE = YES;
				CLANG_WARN__DUPLICATE_METHOD_MATCH = YES;
				COPY_PHASE_STRIP = NO;
				DEBUG_INFORMATION_FORMAT = dwarf;
				ENABLE_STRICT_OBJC_MSGSEND = YES;
				ENABLE_TESTABILITY = YES;
				ENABLE_USER_SCRIPT_SANDBOXING = YES;
				GCC_C_LANGUAGE_STANDARD = gnu17;
				GCC_DYNAMIC_NO_PIC = NO;
				GCC_NO_COMMON_BLOCKS = YES;
				GCC_OPTIMIZATION_LEVEL = 0;
				GCC_PREPROCESSOR_DEFINITIONS = (
					"DEBUG=1",
					"$(inherited)",
				);
				GCC_WARN_64_TO_32_BIT_CONVERSION = YES;
				GCC_WARN_ABOUT_RETURN_TYPE = YES_ERROR;
				GCC_WARN_UNDECLARED_SELECTOR = YES;
				GCC_WARN_UNINITIALIZED_AUTOS = YES_AGGRESSIVE;
				GCC_WARN_UNUSED_FUNCTION = YES;
				GCC_WARN_UNUSED_VARIABLE = YES;
				IPHONEOS_DEPLOYMENT_TARGET = 18.4;
				LOCALIZATION_PREFERS_STRING_CATALOGS = YES;
				MTL_ENABLE_DEBUG_INFO = INCLUDE_SOURCE;
				MTL_FAST_MATH = YES;
				ONLY_ACTIVE_ARCH = YES;
				SDKROOT = iphoneos;
				SWIFT_ACTIVE_COMPILATION_CONDITIONS = "DEBUG $(inherited)";
				SWIFT_OPTIMIZATION_LEVEL = "-Onone";
			};
			name = Debug;
		};
		AC4FFF782DD56DBC00ABA2D9 /* Release */ = {
			isa = XCBuildConfiguration;
			buildSettings = {
				ALWAYS_SEARCH_USER_PATHS = NO;
				ASSETCATALOG_COMPILER_GENERATE_SWIFT_ASSET_SYMBOL_EXTENSIONS = YES;
				CLANG_ANALYZER_NONNULL = YES;
				CLANG_ANALYZER_NUMBER_OBJECT_CONVERSION = YES_AGGRESSIVE;
				CLANG_CXX_LANGUAGE_STANDARD = "gnu++20";
				CLANG_ENABLE_MODULES = YES;
				CLANG_ENABLE_OBJC_ARC = YES;
				CLANG_ENABLE_OBJC_WEAK = YES;
				CLANG_WARN_BLOCK_CAPTURE_AUTORELEASING = YES;
				CLANG_WARN_BOOL_CONVERSION = YES;
				CLANG_WARN_COMMA = YES;
				CLANG_WARN_CONSTANT_CONVERSION = YES;
				CLANG_WARN_DEPRECATED_OBJC_IMPLEMENTATIONS = YES;
				CLANG_WARN_DIRECT_OBJC_ISA_USAGE = YES_ERROR;
				CLANG_WARN_DOCUMENTATION_COMMENTS = YES;
				CLANG_WARN_EMPTY_BODY = YES;
				CLANG_WARN_ENUM_CONVERSION = YES;
				CLANG_WARN_INFINITE_RECURSION = YES;
				CLANG_WARN_INT_CONVERSION = YES;
				CLANG_WARN_NON_LITERAL_NULL_CONVERSION = YES;
				CLANG_WARN_OBJC_IMPLICIT_RETAIN_SELF = YES;
				CLANG_WARN_OBJC_LITERAL_CONVERSION = YES;
				CLANG_WARN_OBJC_ROOT_CLASS = YES_ERROR;
				CLANG_WARN_QUOTED_INCLUDE_IN_FRAMEWORK_HEADER = YES;
				CLANG_WARN_RANGE_LOOP_ANALYSIS = YES;
				CLANG_WARN_STRICT_PROTOTYPES = YES;
				CLANG_WARN_SUSPICIOUS_MOVE = YES;
				CLANG_WARN_UNGUARDED_AVAILABILITY = YES_AGGRESSIVE;
				CLANG_WARN_UNREACHABLE_CODE = YES;
				CLANG_WARN__DUPLICATE_METHOD_MATCH = YES;
				COPY_PHASE_STRIP = NO;
				DEBUG_INFORMATION_FORMAT = "dwarf-with-dsym";
				ENABLE_NS_ASSERTIONS = NO;
				ENABLE_STRICT_OBJC_MSGSEND = YES;
				ENABLE_USER_SCRIPT_SANDBOXING = YES;
				GCC_C_LANGUAGE_STANDARD = gnu17;
				GCC_NO_COMMON_BLOCKS = YES;
				GCC_WARN_64_TO_32_BIT_CONVERSION = YES;
				GCC_WARN_ABOUT_RETURN_TYPE = YES_ERROR;
				GCC_WARN_UNDECLARED_SELECTOR = YES;
				GCC_WARN_UNINITIALIZED_AUTOS = YES_AGGRESSIVE;
				GCC_WARN_UNUSED_FUNCTION = YES;
				GCC_WARN_UNUSED_VARIABLE = YES;
				IPHONEOS_DEPLOYMENT_TARGET = 18.4;
				LOCALIZATION_PREFERS_STRING_CATALOGS = YES;
				MTL_ENABLE_DEBUG_INFO = NO;
				MTL_FAST_MATH = YES;
				SDKROOT = iphoneos;
				SWIFT_COMPILATION_MODE = wholemodule;
				VALIDATE_PRODUCT = YES;
			};
			name = Release;
		};
		AC4FFF7A2DD56DBC00ABA2D9 /* Debug */ = {
			isa = XCBuildConfiguration;
			buildSettings = {
				ASSETCATALOG_COMPILER_APPICON_NAME = AppIcon;
				ASSETCATALOG_COMPILER_GLOBAL_ACCENT_COLOR_NAME = AccentColor;
				CODE_SIGN_STYLE = Automatic;
				CURRENT_PROJECT_VERSION = 1;
				ENABLE_PREVIEWS = YES;
				GENERATE_INFOPLIST_FILE = YES;
				INFOPLIST_KEY_UIApplicationSceneManifest_Generation = YES;
				INFOPLIST_KEY_UIApplicationSupportsIndirectInputEvents = YES;
				INFOPLIST_KEY_UILaunchScreen_Generation = YES;
				INFOPLIST_KEY_UISupportedInterfaceOrientations_iPad = "UIInterfaceOrientationPortrait UIInterfaceOrientationPortraitUpsideDown UIInterfaceOrientationLandscapeLeft UIInterfaceOrientationLandscapeRight";
				INFOPLIST_KEY_UISupportedInterfaceOrientations_iPhone = "UIInterfaceOrientationPortrait UIInterfaceOrientationLandscapeLeft UIInterfaceOrientationLandscapeRight";
				LD_RUNPATH_SEARCH_PATHS = (
					"$(inherited)",
					"@executable_path/Frameworks",
				);
				MARKETING_VERSION = 1.0;
				PRODUCT_BUNDLE_IDENTIFIER = com.officeinn.KatenChallengeApp;
				PRODUCT_NAME = "$(TARGET_NAME)";
				SWIFT_EMIT_LOC_STRINGS = YES;
				SWIFT_VERSION = 5.0;
				TARGETED_DEVICE_FAMILY = "1,2";
			};
			name = Debug;
		};
		AC4FFF7B2DD56DBC00ABA2D9 /* Release */ = {
			isa = XCBuildConfiguration;
			buildSettings = {
				ASSETCATALOG_COMPILER_APPICON_NAME = AppIcon;
				ASSETCATALOG_COMPILER_GLOBAL_ACCENT_COLOR_NAME = AccentColor;
				CODE_SIGN_STYLE = Automatic;
				CURRENT_PROJECT_VERSION = 1;
				ENABLE_PREVIEWS = YES;
				GENERATE_INFOPLIST_FILE = YES;
				INFOPLIST_KEY_UIApplicationSceneManifest_Generation = YES;
				INFOPLIST_KEY_UIApplicationSupportsIndirectInputEvents = YES;
				INFOPLIST_KEY_UILaunchScreen_Generation = YES;
				INFOPLIST_KEY_UISupportedInterfaceOrientations_iPad = "UIInterfaceOrientationPortrait UIInterfaceOrientationPortraitUpsideDown UIInterfaceOrientationLandscapeLeft UIInterfaceOrientationLandscapeRight";
				INFOPLIST_KEY_UISupportedInterfaceOrientations_iPhone = "UIInterfaceOrientationPortrait UIInterfaceOrientationLandscapeLeft UIInterfaceOrientationLandscapeRight";
				LD_RUNPATH_SEARCH_PATHS = (
					"$(inherited)",
					"@executable_path/Frameworks",
				);
				MARKETING_VERSION = 1.0;
				PRODUCT_BUNDLE_IDENTIFIER = com.officeinn.KatenChallengeApp;
				PRODUCT_NAME = "$(TARGET_NAME)";
				SWIFT_EMIT_LOC_STRINGS = YES;
				SWIFT_VERSION = 5.0;
				TARGETED_DEVICE_FAMILY = "1,2";
			};
			name = Release;
		};
		AC4FFF7D2DD56DBC00ABA2D9 /* Debug */ = {
			isa = XCBuildConfiguration;
			buildSettings = {
				BUNDLE_LOADER = "$(TEST_HOST)";
				CODE_SIGN_STYLE = Automatic;
				CURRENT_PROJECT_VERSION = 1;
				GENERATE_INFOPLIST_FILE = YES;
				IPHONEOS_DEPLOYMENT_TARGET = 18.4;
				MARKETING_VERSION = 1.0;
				PRODUCT_BUNDLE_IDENTIFIER = com.officeinn.KatenChallengeAppTests;
				PRODUCT_NAME = "$(TARGET_NAME)";
				SWIFT_EMIT_LOC_STRINGS = NO;
				SWIFT_VERSION = 5.0;
				TARGETED_DEVICE_FAMILY = "1,2";
				TEST_HOST = "$(BUILT_PRODUCTS_DIR)/KatenChallengeApp.app/$(BUNDLE_EXECUTABLE_FOLDER_PATH)/KatenChallengeApp";
			};
			name = Debug;
		};
		AC4FFF7E2DD56DBC00ABA2D9 /* Release */ = {
			isa = XCBuildConfiguration;
			buildSettings = {
				BUNDLE_LOADER = "$(TEST_HOST)";
				CODE_SIGN_STYLE = Automatic;
				CURRENT_PROJECT_VERSION = 1;
				GENERATE_INFOPLIST_FILE = YES;
				IPHONEOS_DEPLOYMENT_TARGET = 18.4;
				MARKETING_VERSION = 1.0;
				PRODUCT_BUNDLE_IDENTIFIER = com.officeinn.KatenChallengeAppTests;
				PRODUCT_NAME = "$(TARGET_NAME)";
				SWIFT_EMIT_LOC_STRINGS = NO;
				SWIFT_VERSION = 5.0;
				TARGETED_DEVICE_FAMILY = "1,2";
				TEST_HOST = "$(BUILT_PRODUCTS_DIR)/KatenChallengeApp.app/$(BUNDLE_EXECUTABLE_FOLDER_PATH)/KatenChallengeApp";
			};
			name = Release;
		};
		AC4FFF802DD56DBC00ABA2D9 /* Debug */ = {
			isa = XCBuildConfiguration;
			buildSettings = {
				CODE_SIGN_STYLE = Automatic;
				CURRENT_PROJECT_VERSION = 1;
				GENERATE_INFOPLIST_FILE = YES;
				MARKETING_VERSION = 1.0;
				PRODUCT_BUNDLE_IDENTIFIER = com.officeinn.KatenChallengeAppUITests;
				PRODUCT_NAME = "$(TARGET_NAME)";
				SWIFT_EMIT_LOC_STRINGS = NO;
				SWIFT_VERSION = 5.0;
				TARGETED_DEVICE_FAMILY = "1,2";
				TEST_TARGET_NAME = KatenChallengeApp;
			};
			name = Debug;
		};
		AC4FFF812DD56DBC00ABA2D9 /* Release */ = {
			isa = XCBuildConfiguration;
			buildSettings = {
				CODE_SIGN_STYLE = Automatic;
				CURRENT_PROJECT_VERSION = 1;
				GENERATE_INFOPLIST_FILE = YES;
				MARKETING_VERSION = 1.0;
				PRODUCT_BUNDLE_IDENTIFIER = com.officeinn.KatenChallengeAppUITests;
				PRODUCT_NAME = "$(TARGET_NAME)";
				SWIFT_EMIT_LOC_STRINGS = NO;
				SWIFT_VERSION = 5.0;
				TARGETED_DEVICE_FAMILY = "1,2";
				TEST_TARGET_NAME = KatenChallengeApp;
			};
			name = Release;
		};
/* End XCBuildConfiguration section */

/* Begin XCConfigurationList section */
		AC4FFF532DD56DBB00ABA2D9 /* Build configuration list for PBXProject "KatenChallengeApp" */ = {
			isa = XCConfigurationList;
			buildConfigurations = (
				AC4FFF772DD56DBC00ABA2D9 /* Debug */,
				AC4FFF782DD56DBC00ABA2D9 /* Release */,
			);
			defaultConfigurationIsVisible = 0;
			defaultConfigurationName = Release;
		};
		AC4FFF792DD56DBC00ABA2D9 /* Build configuration list for PBXNativeTarget "KatenChallengeApp" */ = {
			isa = XCConfigurationList;
			buildConfigurations = (
				AC4FFF7A2DD56DBC00ABA2D9 /* Debug */,
				AC4FFF7B2DD56DBC00ABA2D9 /* Release */,
			);
			defaultConfigurationIsVisible = 0;
			defaultConfigurationName = Release;
		};
		AC4FFF7C2DD56DBC00ABA2D9 /* Build configuration list for PBXNativeTarget "KatenChallengeAppTests" */ = {
			isa = XCConfigurationList;
			buildConfigurations = (
				AC4FFF7D2DD56DBC00ABA2D9 /* Debug */,
				AC4FFF7E2DD56DBC00ABA2D9 /* Release */,
			);
			defaultConfigurationIsVisible = 0;
			defaultConfigurationName = Release;
		};
		AC4FFF7F2DD56DBC00ABA2D9 /* Build configuration list for PBXNativeTarget "KatenChallengeAppUITests" */ = {
			isa = XCConfigurationList;
			buildConfigurations = (
				AC4FFF802DD56DBC00ABA2D9 /* Debug */,
				AC4FFF812DD56DBC00ABA2D9 /* Release */,
			);
			defaultConfigurationIsVisible = 0;
			defaultConfigurationName = Release;
		};
/* End XCConfigurationList section */
	};
	rootObject = AC4FFF502DD56DBB00ABA2D9 /* Project object */;
}
